// !$*UTF8*$!
{
	archiveVersion = 1;
	classes = {
	};
	objectVersion = 48;
	objects = {

/* Begin PBXBuildFile section */
		2CD864681F6700DF009557D1 /* AppDelegate.swift in Sources */ = {isa = PBXBuildFile; fileRef = 2CD864671F6700DF009557D1 /* AppDelegate.swift */; };
		2CD8646A1F6700DF009557D1 /* ViewController.swift in Sources */ = {isa = PBXBuildFile; fileRef = 2CD864691F6700DF009557D1 /* ViewController.swift */; };
		2CD8646D1F6700DF009557D1 /* Main.storyboard in Resources */ = {isa = PBXBuildFile; fileRef = 2CD8646B1F6700DF009557D1 /* Main.storyboard */; };
		2CD8646F1F6700DF009557D1 /* Assets.xcassets in Resources */ = {isa = PBXBuildFile; fileRef = 2CD8646E1F6700DF009557D1 /* Assets.xcassets */; };
		2CD864721F6700DF009557D1 /* LaunchScreen.storyboard in Resources */ = {isa = PBXBuildFile; fileRef = 2CD864701F6700DF009557D1 /* LaunchScreen.storyboard */; };
		33FEBA35685C4FDB9330B7F8 /* Pods_HumbleAlertViewDemo.framework in Frameworks */ = {isa = PBXBuildFile; fileRef = 9A0E33E222DF863DC0443A04 /* Pods_HumbleAlertViewDemo.framework */; };
/* End PBXBuildFile section */

/* Begin PBXFileReference section */
		2CD864641F6700DF009557D1 /* HumbleAlertViewDemo.app */ = {isa = PBXFileReference; explicitFileType = wrapper.application; includeInIndex = 0; path = HumbleAlertViewDemo.app; sourceTree = BUILT_PRODUCTS_DIR; };
		2CD864671F6700DF009557D1 /* AppDelegate.swift */ = {isa = PBXFileReference; lastKnownFileType = sourcecode.swift; path = AppDelegate.swift; sourceTree = "<group>"; };
		2CD864691F6700DF009557D1 /* ViewController.swift */ = {isa = PBXFileReference; lastKnownFileType = sourcecode.swift; path = ViewController.swift; sourceTree = "<group>"; };
		2CD8646C1F6700DF009557D1 /* Base */ = {isa = PBXFileReference; lastKnownFileType = file.storyboard; name = Base; path = Base.lproj/Main.storyboard; sourceTree = "<group>"; };
		2CD8646E1F6700DF009557D1 /* Assets.xcassets */ = {isa = PBXFileReference; lastKnownFileType = folder.assetcatalog; path = Assets.xcassets; sourceTree = "<group>"; };
		2CD864711F6700DF009557D1 /* Base */ = {isa = PBXFileReference; lastKnownFileType = file.storyboard; name = Base; path = Base.lproj/LaunchScreen.storyboard; sourceTree = "<group>"; };
		2CD864731F6700DF009557D1 /* Info.plist */ = {isa = PBXFileReference; lastKnownFileType = text.plist.xml; path = Info.plist; sourceTree = "<group>"; };
		4950498440427E771E3EE2E9 /* Pods-HumbleAlertViewDemo.release.xcconfig */ = {isa = PBXFileReference; includeInIndex = 1; lastKnownFileType = text.xcconfig; name = "Pods-HumbleAlertViewDemo.release.xcconfig"; path = "Pods/Target Support Files/Pods-HumbleAlertViewDemo/Pods-HumbleAlertViewDemo.release.xcconfig"; sourceTree = "<group>"; };
		9A0E33E222DF863DC0443A04 /* Pods_HumbleAlertViewDemo.framework */ = {isa = PBXFileReference; explicitFileType = wrapper.framework; includeInIndex = 0; path = Pods_HumbleAlertViewDemo.framework; sourceTree = BUILT_PRODUCTS_DIR; };
		A948E6556C1EFC643DBC2C25 /* Pods-HumbleAlertViewDemo.debug.xcconfig */ = {isa = PBXFileReference; includeInIndex = 1; lastKnownFileType = text.xcconfig; name = "Pods-HumbleAlertViewDemo.debug.xcconfig"; path = "Pods/Target Support Files/Pods-HumbleAlertViewDemo/Pods-HumbleAlertViewDemo.debug.xcconfig"; sourceTree = "<group>"; };
/* End PBXFileReference section */

/* Begin PBXFrameworksBuildPhase section */
		2CD864611F6700DF009557D1 /* Frameworks */ = {
			isa = PBXFrameworksBuildPhase;
			buildActionMask = 2147483647;
			files = (
				33FEBA35685C4FDB9330B7F8 /* Pods_HumbleAlertViewDemo.framework in Frameworks */,
			);
			runOnlyForDeploymentPostprocessing = 0;
		};
/* End PBXFrameworksBuildPhase section */

/* Begin PBXGroup section */
		2CD8645B1F6700DF009557D1 = {
			isa = PBXGroup;
			children = (
				2CD864661F6700DF009557D1 /* HumbleAlertViewDemo */,
				2CD864651F6700DF009557D1 /* Products */,
				D0C7E110528D6E78F9598D23 /* Pods */,
				D54ABE4A28393BB0F8485306 /* Frameworks */,
			);
			sourceTree = "<group>";
		};
		2CD864651F6700DF009557D1 /* Products */ = {
			isa = PBXGroup;
			children = (
				2CD864641F6700DF009557D1 /* HumbleAlertViewDemo.app */,
			);
			name = Products;
			sourceTree = "<group>";
		};
		2CD864661F6700DF009557D1 /* HumbleAlertViewDemo */ = {
			isa = PBXGroup;
			children = (
				2CD864671F6700DF009557D1 /* AppDelegate.swift */,
				2CD864691F6700DF009557D1 /* ViewController.swift */,
				2CD8646B1F6700DF009557D1 /* Main.storyboard */,
				2CD8646E1F6700DF009557D1 /* Assets.xcassets */,
				2CD864701F6700DF009557D1 /* LaunchScreen.storyboard */,
				2CD864731F6700DF009557D1 /* Info.plist */,
			);
			path = HumbleAlertViewDemo;
			sourceTree = "<group>";
		};
		D0C7E110528D6E78F9598D23 /* Pods */ = {
			isa = PBXGroup;
			children = (
				A948E6556C1EFC643DBC2C25 /* Pods-HumbleAlertViewDemo.debug.xcconfig */,
				4950498440427E771E3EE2E9 /* Pods-HumbleAlertViewDemo.release.xcconfig */,
			);
			name = Pods;
			sourceTree = "<group>";
		};
		D54ABE4A28393BB0F8485306 /* Frameworks */ = {
			isa = PBXGroup;
			children = (
				9A0E33E222DF863DC0443A04 /* Pods_HumbleAlertViewDemo.framework */,
			);
			name = Frameworks;
			sourceTree = "<group>";
		};
/* End PBXGroup section */

/* Begin PBXNativeTarget section */
		2CD864631F6700DF009557D1 /* HumbleAlertViewDemo */ = {
			isa = PBXNativeTarget;
			buildConfigurationList = 2CD864761F6700DF009557D1 /* Build configuration list for PBXNativeTarget "HumbleAlertViewDemo" */;
			buildPhases = (
				EF32036860C02CB62BC878D8 /* [CP] Check Pods Manifest.lock */,
				2CD864601F6700DF009557D1 /* Sources */,
				2CD864611F6700DF009557D1 /* Frameworks */,
				2CD864621F6700DF009557D1 /* Resources */,
				2069E22267F792579E443751 /* [CP] Embed Pods Frameworks */,
				350CD6482F029AABAD6559C4 /* [CP] Copy Pods Resources */,
			);
			buildRules = (
			);
			dependencies = (
			);
			name = HumbleAlertViewDemo;
			productName = HumbleAlertViewDemo;
			productReference = 2CD864641F6700DF009557D1 /* HumbleAlertViewDemo.app */;
			productType = "com.apple.product-type.application";
		};
/* End PBXNativeTarget section */

/* Begin PBXProject section */
		2CD8645C1F6700DF009557D1 /* Project object */ = {
			isa = PBXProject;
			attributes = {
				LastSwiftUpdateCheck = 0900;
				LastUpgradeCheck = 0900;
				ORGANIZATIONNAME = okaris;
				TargetAttributes = {
					2CD864631F6700DF009557D1 = {
						CreatedOnToolsVersion = 9.0;
						ProvisioningStyle = Automatic;
					};
				};
			};
			buildConfigurationList = 2CD8645F1F6700DF009557D1 /* Build configuration list for PBXProject "HumbleAlertViewDemo" */;
			compatibilityVersion = "Xcode 8.0";
			developmentRegion = en;
			hasScannedForEncodings = 0;
			knownRegions = (
				en,
				Base,
			);
			mainGroup = 2CD8645B1F6700DF009557D1;
			productRefGroup = 2CD864651F6700DF009557D1 /* Products */;
			projectDirPath = "";
			projectRoot = "";
			targets = (
				2CD864631F6700DF009557D1 /* HumbleAlertViewDemo */,
			);
		};
/* End PBXProject section */

/* Begin PBXResourcesBuildPhase section */
		2CD864621F6700DF009557D1 /* Resources */ = {
			isa = PBXResourcesBuildPhase;
			buildActionMask = 2147483647;
			files = (
				2CD864721F6700DF009557D1 /* LaunchScreen.storyboard in Resources */,
				2CD8646F1F6700DF009557D1 /* Assets.xcassets in Resources */,
				2CD8646D1F6700DF009557D1 /* Main.storyboard in Resources */,
			);
			runOnlyForDeploymentPostprocessing = 0;
		};
/* End PBXResourcesBuildPhase section */

/* Begin PBXShellScriptBuildPhase section */
		2069E22267F792579E443751 /* [CP] Embed Pods Frameworks */ = {
			isa = PBXShellScriptBuildPhase;
			buildActionMask = 2147483647;
			files = (
			);
			inputPaths = (
				"${SRCROOT}/Pods/Target Support Files/Pods-HumbleAlertViewDemo/Pods-HumbleAlertViewDemo-frameworks.sh",
				"${BUILT_PRODUCTS_DIR}/HumbleAlertView/HumbleAlertView.framework",
			);
			name = "[CP] Embed Pods Frameworks";
			outputPaths = (
				"${TARGET_BUILD_DIR}/${FRAMEWORKS_FOLDER_PATH}/HumbleAlertView.framework",
			);
			runOnlyForDeploymentPostprocessing = 0;
			shellPath = /bin/sh;
			shellScript = "\"${SRCROOT}/Pods/Target Support Files/Pods-HumbleAlertViewDemo/Pods-HumbleAlertViewDemo-frameworks.sh\"\n";
			showEnvVarsInLog = 0;
		};
		350CD6482F029AABAD6559C4 /* [CP] Copy Pods Resources */ = {
			isa = PBXShellScriptBuildPhase;
			buildActionMask = 2147483647;
			files = (
			);
			inputPaths = (
			);
			name = "[CP] Copy Pods Resources";
			outputPaths = (
			);
			runOnlyForDeploymentPostprocessing = 0;
			shellPath = /bin/sh;
			shellScript = "\"${SRCROOT}/Pods/Target Support Files/Pods-HumbleAlertViewDemo/Pods-HumbleAlertViewDemo-resources.sh\"\n";
			showEnvVarsInLog = 0;
		};
		EF32036860C02CB62BC878D8 /* [CP] Check Pods Manifest.lock */ = {
			isa = PBXShellScriptBuildPhase;
			buildActionMask = 2147483647;
			files = (
			);
			inputPaths = (
				"${PODS_PODFILE_DIR_PATH}/Podfile.lock",
				"${PODS_ROOT}/Manifest.lock",
			);
			name = "[CP] Check Pods Manifest.lock";
			outputPaths = (
				"$(DERIVED_FILE_DIR)/Pods-HumbleAlertViewDemo-checkManifestLockResult.txt",
			);
			runOnlyForDeploymentPostprocessing = 0;
			shellPath = /bin/sh;
			shellScript = "diff \"${PODS_PODFILE_DIR_PATH}/Podfile.lock\" \"${PODS_ROOT}/Manifest.lock\" > /dev/null\nif [ $? != 0 ] ; then\n    # print error to STDERR\n    echo \"error: The sandbox is not in sync with the Podfile.lock. Run 'pod install' or update your CocoaPods installation.\" >&2\n    exit 1\nfi\n# This output is used by Xcode 'outputs' to avoid re-running this script phase.\necho \"SUCCESS\" > \"${SCRIPT_OUTPUT_FILE_0}\"\n";
			showEnvVarsInLog = 0;
		};
/* End PBXShellScriptBuildPhase section */

/* Begin PBXSourcesBuildPhase section */
		2CD864601F6700DF009557D1 /* Sources */ = {
			isa = PBXSourcesBuildPhase;
			buildActionMask = 2147483647;
			files = (
				2CD8646A1F6700DF009557D1 /* ViewController.swift in Sources */,
				2CD864681F6700DF009557D1 /* AppDelegate.swift in Sources */,
			);
			runOnlyForDeploymentPostprocessing = 0;
		};
/* End PBXSourcesBuildPhase section */

/* Begin PBXVariantGroup section */
		2CD8646B1F6700DF009557D1 /* Main.storyboard */ = {
			isa = PBXVariantGroup;
			children = (
				2CD8646C1F6700DF009557D1 /* Base */,
			);
			name = Main.storyboard;
			sourceTree = "<group>";
		};
		2CD864701F6700DF009557D1 /* LaunchScreen.storyboard */ = {
			isa = PBXVariantGroup;
			children = (
				2CD864711F6700DF009557D1 /* Base */,
			);
			name = LaunchScreen.storyboard;
			sourceTree = "<group>";
		};
/* End PBXVariantGroup section */

/* Begin XCBuildConfiguration section */
		2CD864741F6700DF009557D1 /* Debug */ = {
			isa = XCBuildConfiguration;
			buildSettings = {
				ALWAYS_SEARCH_USER_PATHS = NO;
				CLANG_ANALYZER_NONNULL = YES;
				CLANG_ANALYZER_NUMBER_OBJECT_CONVERSION = YES_AGGRESSIVE;
				CLANG_CXX_LANGUAGE_STANDARD = "gnu++14";
				CLANG_CXX_LIBRARY = "libc++";
				CLANG_ENABLE_MODULES = YES;
				CLANG_ENABLE_OBJC_ARC = YES;
				CLANG_WARN_BLOCK_CAPTURE_AUTORELEASING = YES;
				CLANG_WARN_BOOL_CONVERSION = YES;
				CLANG_WARN_COMMA = YES;
				CLANG_WARN_CONSTANT_CONVERSION = YES;
				CLANG_WARN_DIRECT_OBJC_ISA_USAGE = YES_ERROR;
				CLANG_WARN_DOCUMENTATION_COMMENTS = YES;
				CLANG_WARN_EMPTY_BODY = YES;
				CLANG_WARN_ENUM_CONVERSION = YES;
				CLANG_WARN_INFINITE_RECURSION = YES;
				CLANG_WARN_INT_CONVERSION = YES;
				CLANG_WARN_NON_LITERAL_NULL_CONVERSION = YES;
				CLANG_WARN_OBJC_LITERAL_CONVERSION = YES;
				CLANG_WARN_OBJC_ROOT_CLASS = YES_ERROR;
				CLANG_WARN_RANGE_LOOP_ANALYSIS = YES;
				CLANG_WARN_STRICT_PROTOTYPES = YES;
				CLANG_WARN_SUSPICIOUS_MOVE = YES;
				CLANG_WARN_UNGUARDED_AVAILABILITY = YES_AGGRESSIVE;
				CLANG_WARN_UNREACHABLE_CODE = YES;
				CLANG_WARN__DUPLICATE_METHOD_MATCH = YES;
				CODE_SIGN_IDENTITY = "iPhone Developer";
				COPY_PHASE_STRIP = NO;
				DEBUG_INFORMATION_FORMAT = dwarf;
				ENABLE_STRICT_OBJC_MSGSEND = YES;
				ENABLE_TESTABILITY = YES;
				GCC_C_LANGUAGE_STANDARD = gnu11;
				GCC_DYNAMIC_NO_PIC = NO;
				GCC_NO_COMMON_BLOCKS = YES;
				GCC_OPTIMIZATION_LEVEL = 0;
				GCC_PREPROCESSOR_DEFINITIONS = (
					"DEBUG=1",
					"$(inherited)",
				);
				GCC_WARN_64_TO_32_BIT_CONVERSION = YES;
				GCC_WARN_ABOUT_RETURN_TYPE = YES_ERROR;
				GCC_WARN_UNDECLARED_SELECTOR = YES;
				GCC_WARN_UNINITIALIZED_AUTOS = YES_AGGRESSIVE;
				GCC_WARN_UNUSED_FUNCTION = YES;
				GCC_WARN_UNUSED_VARIABLE = YES;
				IPHONEOS_DEPLOYMENT_TARGET = 11.0;
				MTL_ENABLE_DEBUG_INFO = YES;
				ONLY_ACTIVE_ARCH = YES;
				SDKROOT = iphoneos;
				SWIFT_ACTIVE_COMPILATION_CONDITIONS = DEBUG;
				SWIFT_OPTIMIZATION_LEVEL = "-Onone";
			};
			name = Debug;
		};
		2CD864751F6700DF009557D1 /* Release */ = {
			isa = XCBuildConfiguration;
			buildSettings = {
				ALWAYS_SEARCH_USER_PATHS = NO;
				CLANG_ANALYZER_NONNULL = YES;
				CLANG_ANALYZER_NUMBER_OBJECT_CONVERSION = YES_AGGRESSIVE;
				CLANG_CXX_LANGUAGE_STANDARD = "gnu++14";
				CLANG_CXX_LIBRARY = "libc++";
				CLANG_ENABLE_MODULES = YES;
				CLANG_ENABLE_OBJC_ARC = YES;
				CLANG_WARN_BLOCK_CAPTURE_AUTORELEASING = YES;
				CLANG_WARN_BOOL_CONVERSION = YES;
				CLANG_WARN_COMMA = YES;
				CLANG_WARN_CONSTANT_CONVERSION = YES;
				CLANG_WARN_DIRECT_OBJC_ISA_USAGE = YES_ERROR;
				CLANG_WARN_DOCUMENTATION_COMMENTS = YES;
				CLANG_WARN_EMPTY_BODY = YES;
				CLANG_WARN_ENUM_CONVERSION = YES;
				CLANG_WARN_INFINITE_RECURSION = YES;
				CLANG_WARN_INT_CONVERSION = YES;
				CLANG_WARN_NON_LITERAL_NULL_CONVERSION = YES;
				CLANG_WARN_OBJC_LITERAL_CONVERSION = YES;
				CLANG_WARN_OBJC_ROOT_CLASS = YES_ERROR;
				CLANG_WARN_RANGE_LOOP_ANALYSIS = YES;
				CLANG_WARN_STRICT_PROTOTYPES = YES;
				CLANG_WARN_SUSPICIOUS_MOVE = YES;
				CLANG_WARN_UNGUARDED_AVAILABILITY = YES_AGGRESSIVE;
				CLANG_WARN_UNREACHABLE_CODE = YES;
				CLANG_WARN__DUPLICATE_METHOD_MATCH = YES;
				CODE_SIGN_IDENTITY = "iPhone Developer";
				COPY_PHASE_STRIP = NO;
				DEBUG_INFORMATION_FORMAT = "dwarf-with-dsym";
				ENABLE_NS_ASSERTIONS = NO;
				ENABLE_STRICT_OBJC_MSGSEND = YES;
				GCC_C_LANGUAGE_STANDARD = gnu11;
				GCC_NO_COMMON_BLOCKS = YES;
				GCC_WARN_64_TO_32_BIT_CONVERSION = YES;
				GCC_WARN_ABOUT_RETURN_TYPE = YES_ERROR;
				GCC_WARN_UNDECLARED_SELECTOR = YES;
				GCC_WARN_UNINITIALIZED_AUTOS = YES_AGGRESSIVE;
				GCC_WARN_UNUSED_FUNCTION = YES;
				GCC_WARN_UNUSED_VARIABLE = YES;
				IPHONEOS_DEPLOYMENT_TARGET = 11.0;
				MTL_ENABLE_DEBUG_INFO = NO;
				SDKROOT = iphoneos;
				SWIFT_OPTIMIZATION_LEVEL = "-Owholemodule";
				VALIDATE_PRODUCT = YES;
			};
			name = Release;
		};
		2CD864771F6700DF009557D1 /* Debug */ = {
			isa = XCBuildConfiguration;
			baseConfigurationReference = A948E6556C1EFC643DBC2C25 /* Pods-HumbleAlertViewDemo.debug.xcconfig */;
			buildSettings = {
				ASSETCATALOG_COMPILER_APPICON_NAME = AppIcon;
				CODE_SIGN_STYLE = Automatic;
				DEVELOPMENT_TEAM = XH64JAYUW5;
				INFOPLIST_FILE = HumbleAlertViewDemo/Info.plist;
				IPHONEOS_DEPLOYMENT_TARGET = 9.0;
				LD_RUNPATH_SEARCH_PATHS = "$(inherited) @executable_path/Frameworks";
				PRODUCT_BUNDLE_IDENTIFIER = com.okaris.HumbleAlertViewDemo;
				PRODUCT_NAME = "$(TARGET_NAME)";
				SWIFT_VERSION = 3.0;
				TARGETED_DEVICE_FAMILY = "1,2";
			};
			name = Debug;
		};
		2CD864781F6700DF009557D1 /* Release */ = {
			isa = XCBuildConfiguration;
			baseConfigurationReference = 4950498440427E771E3EE2E9 /* Pods-HumbleAlertViewDemo.release.xcconfig */;
			buildSettings = {
				ASSETCATALOG_COMPILER_APPICON_NAME = AppIcon;
				CODE_SIGN_STYLE = Automatic;
				DEVELOPMENT_TEAM = XH64JAYUW5;
				INFOPLIST_FILE = HumbleAlertViewDemo/Info.plist;
				IPHONEOS_DEPLOYMENT_TARGET = 9.0;
				LD_RUNPATH_SEARCH_PATHS = "$(inherited) @executable_path/Frameworks";
				PRODUCT_BUNDLE_IDENTIFIER = com.okaris.HumbleAlertViewDemo;
				PRODUCT_NAME = "$(TARGET_NAME)";
				SWIFT_VERSION = 3.0;
				TARGETED_DEVICE_FAMILY = "1,2";
			};
			name = Release;
		};
/* End XCBuildConfiguration section */

/* Begin XCConfigurationList section */
		2CD8645F1F6700DF009557D1 /* Build configuration list for PBXProject "HumbleAlertViewDemo" */ = {
			isa = XCConfigurationList;
			buildConfigurations = (
				2CD864741F6700DF009557D1 /* Debug */,
				2CD864751F6700DF009557D1 /* Release */,
			);
			defaultConfigurationIsVisible = 0;
			defaultConfigurationName = Release;
		};
		2CD864761F6700DF009557D1 /* Build configuration list for PBXNativeTarget "HumbleAlertViewDemo" */ = {
			isa = XCConfigurationList;
			buildConfigurations = (
				2CD864771F6700DF009557D1 /* Debug */,
				2CD864781F6700DF009557D1 /* Release */,
			);
			defaultConfigurationIsVisible = 0;
			defaultConfigurationName = Release;
		};
/* End XCConfigurationList section */
	};
	rootObject = 2CD8645C1F6700DF009557D1 /* Project object */;
}
